version = 1
requires-python = "==3.11.*"

[[package]]
name = "altgraph"
version = "0.17.4"
source = { registry = "https://pypi.org/simple" }
sdist = { url = "https://files.pythonhosted.org/packages/de/a8/7145824cf0b9e3c28046520480f207df47e927df83aa9555fb47f8505922/altgraph-0.17.4.tar.gz", hash = "sha256:1b5afbb98f6c4dcadb2e2ae6ab9fa994bbb8c1d75f4fa96d340f9437ae454406", size = 48418 }
wheels = [
    { url = "https://files.pythonhosted.org/packages/4d/3f/3bc3f1d83f6e4a7fcb834d3720544ca597590425be5ba9db032b2bf322a2/altgraph-0.17.4-py2.py3-none-any.whl", hash = "sha256:642743b4750de17e655e6711601b077bc6598dbfa3ba5fa2b2a35ce12b508dff", size = 21212 },
]

[[package]]
name = "colorama"
version = "0.4.6"
source = { registry = "https://pypi.org/simple" }
sdist = { url = "https://files.pythonhosted.org/packages/d8/53/6f443c9a4a8358a93a6792e2acffb9d9d5cb0a5cfd8802644b7b1c9a02e4/colorama-0.4.6.tar.gz", hash = "sha256:08695f5cb7ed6e0531a20572697297273c47b8cae5a63ffc6d6ed5c201be6e44", size = 27697 }
wheels = [
    { url = "https://files.pythonhosted.org/packages/d1/d6/3965ed04c63042e047cb6a3e6ed1a63a35087b6a609aa3a15ed8ac56c221/colorama-0.4.6-py2.py3-none-any.whl", hash = "sha256:4f1d9991f5acc0ca119f9d443620b77f9d6b33703e51011c16baf57afb285fc6", size = 25335 },
]

[[package]]
name = "coverage"
version = "7.2.7"
source = { registry = "https://pypi.org/simple" }
sdist = { url = "https://files.pythonhosted.org/packages/45/8b/421f30467e69ac0e414214856798d4bc32da1336df745e49e49ae5c1e2a8/coverage-7.2.7.tar.gz", hash = "sha256:924d94291ca674905fe9481f12294eb11f2d3d3fd1adb20314ba89e94f44ed59", size = 762575 }
wheels = [
    { url = "https://files.pythonhosted.org/packages/c6/fa/529f55c9a1029c840bcc9109d5a15ff00478b7ff550a1ae361f8745f8ad5/coverage-7.2.7-cp311-cp311-macosx_10_9_x86_64.whl", hash = "sha256:06a9a2be0b5b576c3f18f1a241f0473575c4a26021b52b2a85263a00f034d51f", size = 200895 },
    { url = "https://files.pythonhosted.org/packages/67/d7/cd8fe689b5743fffac516597a1222834c42b80686b99f5b44ef43ccc2a43/coverage-7.2.7-cp311-cp311-macosx_11_0_arm64.whl", hash = "sha256:5baa06420f837184130752b7c5ea0808762083bf3487b5038d68b012e5937dbe", size = 201120 },
    { url = "https://files.pythonhosted.org/packages/8c/95/16eed713202406ca0a37f8ac259bbf144c9d24f9b8097a8e6ead61da2dbb/coverage-7.2.7-cp311-cp311-manylinux_2_17_aarch64.manylinux2014_aarch64.whl", hash = "sha256:fdec9e8cbf13a5bf63290fc6013d216a4c7232efb51548594ca3631a7f13c3a3", size = 233178 },
    { url = "https://files.pythonhosted.org/packages/c1/49/4d487e2ad5d54ed82ac1101e467e8994c09d6123c91b2a962145f3d262c2/coverage-7.2.7-cp311-cp311-manylinux_2_5_i686.manylinux1_i686.manylinux_2_17_i686.manylinux2014_i686.whl", hash = "sha256:52edc1a60c0d34afa421c9c37078817b2e67a392cab17d97283b64c5833f427f", size = 230754 },
    { url = "https://files.pythonhosted.org/packages/a7/cd/3ce94ad9d407a052dc2a74fbeb1c7947f442155b28264eb467ee78dea812/coverage-7.2.7-cp311-cp311-manylinux_2_5_x86_64.manylinux1_x86_64.manylinux_2_17_x86_64.manylinux2014_x86_64.whl", hash = "sha256:63426706118b7f5cf6bb6c895dc215d8a418d5952544042c8a2d9fe87fcf09cb", size = 232558 },
    { url = "https://files.pythonhosted.org/packages/8f/a8/12cc7b261f3082cc299ab61f677f7e48d93e35ca5c3c2f7241ed5525ccea/coverage-7.2.7-cp311-cp311-musllinux_1_1_aarch64.whl", hash = "sha256:afb17f84d56068a7c29f5fa37bfd38d5aba69e3304af08ee94da8ed5b0865833", size = 241509 },
    { url = "https://files.pythonhosted.org/packages/04/fa/43b55101f75a5e9115259e8be70ff9279921cb6b17f04c34a5702ff9b1f7/coverage-7.2.7-cp311-cp311-musllinux_1_1_i686.whl", hash = "sha256:48c19d2159d433ccc99e729ceae7d5293fbffa0bdb94952d3579983d1c8c9d97", size = 239924 },
    { url = "https://files.pythonhosted.org/packages/68/5f/d2bd0f02aa3c3e0311986e625ccf97fdc511b52f4f1a063e4f37b624772f/coverage-7.2.7-cp311-cp311-musllinux_1_1_x86_64.whl", hash = "sha256:0e1f928eaf5469c11e886fe0885ad2bf1ec606434e79842a879277895a50942a", size = 240977 },
    { url = "https://files.pythonhosted.org/packages/ba/92/69c0722882643df4257ecc5437b83f4c17ba9e67f15dc6b77bad89b6982e/coverage-7.2.7-cp311-cp311-win32.whl", hash = "sha256:33d6d3ea29d5b3a1a632b3c4e4f4ecae24ef170b0b9ee493883f2df10039959a", size = 203168 },
    { url = "https://files.pythonhosted.org/packages/b1/96/c12ed0dfd4ec587f3739f53eb677b9007853fd486ccb0e7d5512a27bab2e/coverage-7.2.7-cp311-cp311-win_amd64.whl", hash = "sha256:5b7540161790b2f28143191f5f8ec02fb132660ff175b7747b95dcb77ac26562", size = 204185 },
]

[package.optional-dependencies]
toml = [
    { name = "tomli", marker = "python_full_version <= '3.11'" },
]

[[package]]
name = "iniconfig"
version = "2.1.0"
source = { registry = "https://pypi.org/simple" }
sdist = { url = "https://files.pythonhosted.org/packages/f2/97/ebf4da567aa6827c909642694d71c9fcf53e5b504f2d96afea02718862f3/iniconfig-2.1.0.tar.gz", hash = "sha256:3abbd2e30b36733fee78f9c7f7308f2d0050e88f0087fd25c2645f63c773e1c7", size = 4793 }
wheels = [
    { url = "https://files.pythonhosted.org/packages/2c/e1/e6716421ea10d38022b952c159d5161ca1193197fb744506875fbb87ea7b/iniconfig-2.1.0-py3-none-any.whl", hash = "sha256:9deba5723312380e77435581c6bf4935c94cbfab9b1ed33ef8d238ea168eb760", size = 6050 },
]

[[package]]
name = "lxml"
version = "4.9.3"
source = { registry = "https://pypi.org/simple" }
sdist = { url = "https://files.pythonhosted.org/packages/30/39/7305428d1c4f28282a4f5bdbef24e0f905d351f34cf351ceb131f5cddf78/lxml-4.9.3.tar.gz", hash = "sha256:48628bd53a426c9eb9bc066a923acaa0878d1e86129fd5359aee99285f4eed9c", size = 3572158 }
wheels = [
    { url = "https://files.pythonhosted.org/packages/d6/56/9d5cb3438143a5aebad59088ca392950d74a531e1b96d0959144370b3b59/lxml-4.9.3-cp311-cp311-macosx_11_0_universal2.whl", hash = "sha256:1f447ea5429b54f9582d4b955f5f1985f278ce5cf169f72eea8afd9502973dd5", size = 8627411 },
    { url = "https://files.pythonhosted.org/packages/97/1d/52ffb30c7f9e22b79924bce8c7d8f69c71f6180511233e0ccf49c9d45504/lxml-4.9.3-cp311-cp311-manylinux_2_12_i686.manylinux2010_i686.manylinux_2_24_i686.whl", hash = "sha256:57d6ba0ca2b0c462f339640d22882acc711de224d769edf29962b09f77129cbf", size = 7159982 },
    { url = "https://files.pythonhosted.org/packages/7b/73/832a113f9362cadb0766950b79c4951d2044524fba242bb6e6990c5f9b48/lxml-4.9.3-cp311-cp311-manylinux_2_17_x86_64.manylinux2014_x86_64.manylinux_2_24_x86_64.whl", hash = "sha256:9767e79108424fb6c3edf8f81e6730666a50feb01a328f4a016464a5893f835a", size = 7081039 },
    { url = "https://files.pythonhosted.org/packages/72/68/e57ff4acfb64448784c3090b3fe731d7dc86a6d02d9b04ff6b93237caab2/lxml-4.9.3-cp311-cp311-manylinux_2_28_aarch64.whl", hash = "sha256:71c52db65e4b56b8ddc5bb89fb2e66c558ed9d1a74a45ceb7dcb20c191c3df2f", size = 7632891 },
    { url = "https://files.pythonhosted.org/packages/ed/62/ffc30348ae141f69f9f23b65ba769db7ca209856c9a9b3406279e0ea24de/lxml-4.9.3-cp311-cp311-manylinux_2_28_x86_64.whl", hash = "sha256:d73d8ecf8ecf10a3bd007f2192725a34bd62898e8da27eb9d32a58084f93962b", size = 7893141 },
    { url = "https://files.pythonhosted.org/packages/d0/5d/e9e3d4af7f4cf0c39f9136d1aca781abd6b95ec21caf299ad162062b963f/lxml-4.9.3-cp311-cp311-musllinux_1_1_aarch64.whl", hash = "sha256:0a3d3487f07c1d7f150894c238299934a2a074ef590b583103a45002035be120", size = 7480274 },
    { url = "https://files.pythonhosted.org/packages/ac/6d/7124edcc105e9ed42010c679678d41fa9a3ecfea36771a0bea9c9f04bdc6/lxml-4.9.3-cp311-cp311-musllinux_1_1_x86_64.whl", hash = "sha256:9e28c51fa0ce5674be9f560c6761c1b441631901993f76700b1b30ca6c8378d6", size = 7678682 },
    { url = "https://files.pythonhosted.org/packages/b2/d7/415d594535f81bd4fb90ebd16a38b9c98b619567fd1ba9e1dbb5e57b018b/lxml-4.9.3-cp311-cp311-win32.whl", hash = "sha256:0bfd0767c5c1de2551a120673b72e5d4b628737cb05414f03c3277bf9bed3305", size = 3457885 },
    { url = "https://files.pythonhosted.org/packages/31/58/e3b3dd6bb2ab7404f1f4992e2d0e6926ed40cef8ce1b3bbefd95877499e1/lxml-4.9.3-cp311-cp311-win_amd64.whl", hash = "sha256:25f32acefac14ef7bd53e4218fe93b804ef6f6b92ffdb4322bb6d49d94cad2bc", size = 3768710 },
]

[[package]]
name = "macholib"
version = "1.16.3"
source = { registry = "https://pypi.org/simple" }
dependencies = [
    { name = "altgraph" },
]
sdist = { url = "https://files.pythonhosted.org/packages/95/ee/af1a3842bdd5902ce133bd246eb7ffd4375c38642aeb5dc0ae3a0329dfa2/macholib-1.16.3.tar.gz", hash = "sha256:07ae9e15e8e4cd9a788013d81f5908b3609aa76f9b1421bae9c4d7606ec86a30", size = 59309 }
wheels = [
    { url = "https://files.pythonhosted.org/packages/d1/5d/c059c180c84f7962db0aeae7c3b9303ed1d73d76f2bfbc32bc231c8be314/macholib-1.16.3-py2.py3-none-any.whl", hash = "sha256:0e315d7583d38b8c77e815b1ecbdbf504a8258d8b3e17b61165c6feb60d18f2c", size = 38094 },
]

[[package]]
name = "markdown"
version = "3.4.3"
source = { registry = "https://pypi.org/simple" }
sdist = { url = "https://files.pythonhosted.org/packages/9d/80/cc67bfb7deb973d5ae662ee6454d2dafaa8f7c106feafd0d1572666ebde5/Markdown-3.4.3.tar.gz", hash = "sha256:8bf101198e004dc93e84a12a7395e31aac6a9c9942848ae1d99b9d72cf9b3520", size = 322175 }
wheels = [
    { url = "https://files.pythonhosted.org/packages/9a/a1/1352b0e5a3c71a79fa9265726e2217f69df9fd4de0bcb5725cc61f62a5df/Markdown-3.4.3-py3-none-any.whl", hash = "sha256:065fd4df22da73a625f14890dd77eb8040edcbd68794bcd35943be14490608b2", size = 93913 },
]

[[package]]
name = "mypy"
version = "0.982"
source = { registry = "https://pypi.org/simple" }
dependencies = [
    { name = "mypy-extensions" },
    { name = "typing-extensions" },
]
sdist = { url = "https://files.pythonhosted.org/packages/0d/75/a1ec1af4153f7b7ae825705ada667bf445418277153c76972ba0ad782bb9/mypy-0.982.tar.gz", hash = "sha256:85f7a343542dc8b1ed0a888cdd34dca56462654ef23aa673907305b260b3d746", size = 2621960 }
wheels = [
    { url = "https://files.pythonhosted.org/packages/c4/53/68a35d98516b30e2c7f691458112e69242849aef7e95ae8306b1b7aee575/mypy-0.982-py3-none-any.whl", hash = "sha256:1021c241e8b6e1ca5a47e4d52601274ac078a89845cfde66c6d5f769819ffa1d", size = 2257450 },
]

[[package]]
name = "mypy-extensions"
version = "0.4.3"
source = { registry = "https://pypi.org/simple" }
sdist = { url = "https://files.pythonhosted.org/packages/63/60/0582ce2eaced55f65a4406fc97beba256de4b7a95a0034c6576458c6519f/mypy_extensions-0.4.3.tar.gz", hash = "sha256:2d82818f5bb3e369420cb3c4060a7970edba416647068eb4c5343488a6c604a8", size = 4252 }
wheels = [
    { url = "https://files.pythonhosted.org/packages/5c/eb/975c7c080f3223a5cdaff09612f3a5221e4ba534f7039db34c35d95fa6a5/mypy_extensions-0.4.3-py2.py3-none-any.whl", hash = "sha256:090fedd75945a69ae91ce1303b5824f428daf5a028d2f6ab8a299250a846f15d", size = 4470 },
]

[[package]]
name = "packaging"
version = "25.0"
source = { registry = "https://pypi.org/simple" }
sdist = { url = "https://files.pythonhosted.org/packages/a1/d4/1fc4078c65507b51b96ca8f8c3ba19e6a61c8253c72794544580a7b6c24d/packaging-25.0.tar.gz", hash = "sha256:d443872c98d677bf60f6a1f2f8c1cb748e8fe762d2bf9d3148b5599295b0fc4f", size = 165727 }
wheels = [
    { url = "https://files.pythonhosted.org/packages/20/12/38679034af332785aac8774540895e234f4d07f7545804097de4b666afd8/packaging-25.0-py3-none-any.whl", hash = "sha256:29572ef2b1f17581046b3a2227d5c611fb25ec70ca1ba8554b24b0e69331a484", size = 66469 },
]

[[package]]
name = "pefile"
version = "2024.8.26"
source = { registry = "https://pypi.org/simple" }
sdist = { url = "https://files.pythonhosted.org/packages/03/4f/2750f7f6f025a1507cd3b7218691671eecfd0bbebebe8b39aa0fe1d360b8/pefile-2024.8.26.tar.gz", hash = "sha256:3ff6c5d8b43e8c37bb6e6dd5085658d658a7a0bdcd20b6a07b1fcfc1c4e9d632", size = 76008 }
wheels = [
    { url = "https://files.pythonhosted.org/packages/54/16/12b82f791c7f50ddec566873d5bdd245baa1491bac11d15ffb98aecc8f8b/pefile-2024.8.26-py3-none-any.whl", hash = "sha256:76f8b485dcd3b1bb8166f1128d395fa3d87af26360c2358fb75b80019b957c6f", size = 74766 },
]

[[package]]
name = "pluggy"
version = "1.6.0"
source = { registry = "https://pypi.org/simple" }
sdist = { url = "https://files.pythonhosted.org/packages/f9/e2/3e91f31a7d2b083fe6ef3fa267035b518369d9511ffab804f839851d2779/pluggy-1.6.0.tar.gz", hash = "sha256:7dcc130b76258d33b90f61b658791dede3486c3e6bfb003ee5c9bfb396dd22f3", size = 69412 }
wheels = [
    { url = "https://files.pythonhosted.org/packages/54/20/4d324d65cc6d9205fabedc306948156824eb9f0ee1633355a8f7ec5c66bf/pluggy-1.6.0-py3-none-any.whl", hash = "sha256:e920276dd6813095e9377c0bc5566d94c932c33b27a3e3945d8389c374dd4746", size = 20538 },
]

[[package]]
name = "proteus"
version = "1.0.0"
source = { editable = "." }
dependencies = [
    { name = "coverage" },
    { name = "lxml" },
    { name = "markdown" },
    { name = "mypy" },
    { name = "mypy-extensions" },
    { name = "pyinstaller" },
    { name = "pyqt6" },
    { name = "pyqt6-qt6" },
    { name = "pyqt6-sip" },
    { name = "pyqt6-webengine" },
    { name = "pyqt6-webengine-qt6" },
    { name = "pyspellchecker" },
    { name = "pytest" },
    { name = "pytest-cov" },
    { name = "pytest-lazy-fixtures" },
    { name = "pytest-mock" },
    { name = "pytest-order" },
    { name = "pytest-qt" },
    { name = "pytest-xvfb" },
    { name = "pyyaml" },
    { name = "shortuuid" },
    { name = "strenum" },
    { name = "trieregex" },
    { name = "typing-extensions" },
]

[package.metadata]
requires-dist = [
    { name = "coverage", specifier = "==7.2.7" },
    { name = "lxml", specifier = "==4.9.3" },
    { name = "markdown", specifier = "==3.4.3" },
    { name = "mypy", specifier = "==0.982" },
    { name = "mypy-extensions", specifier = "==0.4.3" },
    { name = "pyinstaller", specifier = "==6.2.0" },
    { name = "pyqt6", specifier = "==6.5.0" },
    { name = "pyqt6-qt6", specifier = "==6.5.0" },
    { name = "pyqt6-sip", specifier = "==13.5.1" },
    { name = "pyqt6-webengine", specifier = "==6.5.0" },
    { name = "pyqt6-webengine-qt6", specifier = "==6.5.1" },
    { name = "pyspellchecker", specifier = "==0.8.1" },
    { name = "pytest", specifier = "==8.2.2" },
    { name = "pytest-cov", specifier = "==4.1.0" },
    { name = "pytest-lazy-fixtures", specifier = "==1.0.7" },
    { name = "pytest-mock", specifier = "==3.11.1" },
    { name = "pytest-order", specifier = "==1.1.0" },
    { name = "pytest-qt", specifier = "==4.2.0" },
    { name = "pytest-xvfb", specifier = "==3.0.0" },
    { name = "pyyaml", specifier = "==6.0.2" },
    { name = "shortuuid", specifier = "==1.0.9" },
    { name = "strenum", specifier = "==0.4.8" },
    { name = "trieregex", specifier = "==1.0.0" },
    { name = "typing-extensions", specifier = "==4.4.0" },
]

[[package]]
name = "pyinstaller"
version = "6.2.0"
source = { registry = "https://pypi.org/simple" }
dependencies = [
    { name = "altgraph" },
    { name = "macholib", marker = "sys_platform == 'darwin'" },
    { name = "packaging" },
    { name = "pefile", marker = "sys_platform == 'win32'" },
    { name = "pyinstaller-hooks-contrib" },
    { name = "pywin32-ctypes", marker = "sys_platform == 'win32'" },
    { name = "setuptools" },
]
sdist = { url = "https://files.pythonhosted.org/packages/dd/c8/7bbbb6bb4130f96f7bc32064c13f115546fce07a3aacae75c3b4142256bd/pyinstaller-6.2.0.tar.gz", hash = "sha256:1ce77043929bf525be38289d78feecde0fcf15506215eda6500176a8715c5047", size = 4135706 }
wheels = [
    { url = "https://files.pythonhosted.org/packages/6b/3d/ac556c1208c701c4f6ccde77db0b2eeb84bf052d63260c2305fb5ace707c/pyinstaller-6.2.0-py3-none-macosx_10_13_universal2.whl", hash = "sha256:a1adbd3cf25dc90926d783eae0f444d65cdfecc7bcdf6da522c3ae3ff47b4c25", size = 939950 },
    { url = "https://files.pythonhosted.org/packages/c9/c9/acb56ce6d8609c5191c4c59573b73be8d12528ca7a0ea3f64436635e01fe/pyinstaller-6.2.0-py3-none-manylinux2014_aarch64.whl", hash = "sha256:29d164394f1e949072f78a64c1e040f1c47b7f4aff08514c7666a031c8b44996", size = 664602 },
    { url = "https://files.pythonhosted.org/packages/91/28/ddf9d5a3f98646ee14a9c96d94b8329f95c7700611b0bdf5f570d1c6066f/pyinstaller-6.2.0-py3-none-manylinux2014_i686.whl", hash = "sha256:ba602a38d7403de89c38b8956b221ce6de0280730d269bab522492fcad82ee33", size = 666758 },
    { url = "https://files.pythonhosted.org/packages/71/0a/7dc6f45149355a057afce6afdae2df2dd20fa5e48468266dfbb8fad3fc8e/pyinstaller-6.2.0-py3-none-manylinux2014_ppc64le.whl", hash = "sha256:ebac06d99b80d2035594c3cc2fb5f2612d86289edd0510dbcbeb20a873f51d5a", size = 671190 },
    { url = "https://files.pythonhosted.org/packages/3b/23/b594a42bc41584fcdf0d3173abe53f5f40eb7d0a9a5b98f519bf4c84d29c/pyinstaller-6.2.0-py3-none-manylinux2014_s390x.whl", hash = "sha256:fcfabc0ff1d38a4262c051dea3fdc1f7f106405c1f1b491b4c79cd28df19cab6", size = 662370 },
    { url = "https://files.pythonhosted.org/packages/38/43/b115ed1c7b620a19f7c1e13cb903d8609a55ecbb2df62b77e59fc42522b3/pyinstaller-6.2.0-py3-none-manylinux2014_x86_64.whl", hash = "sha256:104430686149b2f1c135b2c17aa2967c85d54ef77dc92feb4e179ec846c0c467", size = 663218 },
    { url = "https://files.pythonhosted.org/packages/26/7a/7b2319f083dfe89f8aed9f7f55186c5a7964fc354c93249f30102ed8ffeb/pyinstaller-6.2.0-py3-none-musllinux_1_1_aarch64.whl", hash = "sha256:e87fd60292b53bb9965cb5a84122875469a2bd475fd0d0db0052a3f1be351f75", size = 666641 },
    { url = "https://files.pythonhosted.org/packages/59/75/16b8272343a3b4fd6cdaefe8cf7d3b56b0c573741ac13313b4df598ccc18/pyinstaller-6.2.0-py3-none-musllinux_1_1_x86_64.whl", hash = "sha256:8ec9d6c98972bb922cedb16a6638257aa66e5deadd79e2953f3464696237c413", size = 663962 },
    { url = "https://files.pythonhosted.org/packages/76/bd/b9f984677f66d09d38f81fd936dd8840c0aad08afa2d5d65714679a609eb/pyinstaller-6.2.0-py3-none-win32.whl", hash = "sha256:e5561e9a9b946d835c8dbc11ae4c16cc21e62bc77d10cc043406dc2992dfb4c6", size = 1223590 },
    { url = "https://files.pythonhosted.org/packages/a8/44/ddbc0b6c75599793ec5853adbd418e5401ceb0933d4a0e523b93e4b79a0a/pyinstaller-6.2.0-py3-none-win_amd64.whl", hash = "sha256:3b586196277c4c54b69880650984c39c28bb6258c2b4b64200032e6ac69d53a0", size = 1283772 },
    { url = "https://files.pythonhosted.org/packages/51/5d/e17511b28033d571f0e23c8d6d95c9c005c9f59bedfc8fe7e928ae9d0686/pyinstaller-6.2.0-py3-none-win_arm64.whl", hash = "sha256:d0c87b605bf13c3a04dfaa1d2fa7cd36765b8137000eeadccba865e1d6a19bf0", size = 1213114 },
]

[[package]]
name = "pyinstaller-hooks-contrib"
version = "2025.4"
source = { registry = "https://pypi.org/simple" }
dependencies = [
    { name = "packaging" },
    { name = "setuptools" },
]
sdist = { url = "https://files.pythonhosted.org/packages/e3/94/dfc5c7903306211798f990e6794c2eb7b8685ac487b26979e9255790419c/pyinstaller_hooks_contrib-2025.4.tar.gz", hash = "sha256:5ce1afd1997b03e70f546207031cfdf2782030aabacc102190677059e2856446", size = 162628 }
wheels = [
    { url = "https://files.pythonhosted.org/packages/d3/e1/ed48c7074145898e5c5b0072e87be975c5bd6a1d0f08c27a1daa7064fca0/pyinstaller_hooks_contrib-2025.4-py3-none-any.whl", hash = "sha256:6c2d73269b4c484eb40051fc1acee0beb113c2cfb3b37437b8394faae6f0d072", size = 434451 },
]

[[package]]
name = "pyqt6"
version = "6.5.0"
source = { registry = "https://pypi.org/simple" }
dependencies = [
    { name = "pyqt6-qt6" },
    { name = "pyqt6-sip" },
]
sdist = { url = "https://files.pythonhosted.org/packages/28/01/9e4b91cb0c1023934b1dc654c5bbfc29cbabcbf6092f936b74aee46dd637/PyQt6-6.5.0.tar.gz", hash = "sha256:b97cb4be9b2c8997904ea668cf3b0a4ae5822196f7792590d05ecde6216a9fbc", size = 1033399 }
wheels = [
    { url = "https://files.pythonhosted.org/packages/51/09/2b430ba13e3ec2484a21a6c00af879768931e905d3d7cb1f4c9cb404f86f/PyQt6-6.5.0-1-cp37-abi3-macosx_10_14_universal2.whl", hash = "sha256:b3f2bf611e7f09c25f5decb82fc27bbe63fcc498e63bf11d17e23916d716c805", size = 11657832 },
    { url = "https://files.pythonhosted.org/packages/ab/54/1f65554a0a8dfff8ad7aa7ad1ee4cccfad04a97f2260d6ae84f3703c26f1/PyQt6-6.5.0-1-cp37-abi3-manylinux_2_28_x86_64.whl", hash = "sha256:6f3d232fe2abb02689d23a83f9629ccca6d57a36384688cd6411700ff5cf43f2", size = 7974080 },
    { url = "https://files.pythonhosted.org/packages/3b/b3/68fa3deb9d83f8e5ad880b09e85359a67d8b7975513fd2688ca295a86703/PyQt6-6.5.0-1-cp37-abi3-win_amd64.whl", hash = "sha256:952ba3b50c10f61289ea74db4c7a616170219959ac5300e0d9ec5427a27e95c7", size = 6472552 },
    { url = "https://files.pythonhosted.org/packages/67/87/99b5b750f457063eb6941bf98cc5092cb0c3aad76e2f57884157a7a2a395/PyQt6-6.5.0-cp37-abi3-macosx_10_14_universal2.whl", hash = "sha256:e3c8289d9a509be897265981b77eb29e64ce29e9d221fdf52545c2c95e819c9b", size = 11657822 },
    { url = "https://files.pythonhosted.org/packages/35/d7/ce0c3dde77ccc6809da313ea908ebf84cd85f75796fb7a887eb2a24e230a/PyQt6-6.5.0-cp37-abi3-manylinux_2_28_x86_64.whl", hash = "sha256:2b0d9628134811fbfc988d1757111ca8e25cb697f136fa54c969fb1a4d4a61d1", size = 7974067 },
    { url = "https://files.pythonhosted.org/packages/2b/6d/6c04898c25cbab38af3d6be988bc8b12bba278117280194fc4abd23b8dad/PyQt6-6.5.0-cp37-abi3-win_amd64.whl", hash = "sha256:99ea0e68f548509b7ef97cded0feeaf3dca7d1fe719388569407326be3be38c2", size = 6472547 },
]

[[package]]
name = "pyqt6-qt6"
version = "6.5.0"
source = { registry = "https://pypi.org/simple" }
wheels = [
    { url = "https://files.pythonhosted.org/packages/47/a7/4a166cf8d7f0e3dec9f9e7d7ff00ddc38938572f6bbc279de34b93cc68a2/PyQt6_Qt6-6.5.0-py3-none-macosx_10_14_x86_64.whl", hash = "sha256:1178fcd5e9590fec4261e06a753a8fa028222ec0bd9a0788b3bd37720fbbe6cf", size = 53151360 },
    { url = "https://files.pythonhosted.org/packages/d8/df/6e9f451eebf985b2aba06f63d36a25ed78d16b8ed05fb577ec4a0ff1da6e/PyQt6_Qt6-6.5.0-py3-none-macosx_11_0_arm64.whl", hash = "sha256:9d82d8af986a0eef55905f309fdda4303d1354eba10175824ae62ab6547f7a96", size = 49092798 },
    { url = "https://files.pythonhosted.org/packages/30/53/357f20d5caf8cea9bb38717136f51c04e14e7171ed14ab4c53bcd979c9ca/PyQt6_Qt6-6.5.0-py3-none-manylinux_2_28_x86_64.whl", hash = "sha256:5f40ef19eb632731828283361f800928517650c74c914c093af9a364d6843953", size = 66007137 },
    { url = "https://files.pythonhosted.org/packages/d7/38/2b55d5618875bccc4d518ae1eb07fc9f060eb7cd41a7153f89d4d8f7c6f3/PyQt6_Qt6-6.5.0-py3-none-win_amd64.whl", hash = "sha256:8c1f898f4d02a31615fe7613a38f82b489fb2c8554965c917d551470731635a8", size = 58708537 },
]

[[package]]
name = "pyqt6-sip"
version = "13.5.1"
source = { registry = "https://pypi.org/simple" }
sdist = { url = "https://files.pythonhosted.org/packages/2b/b4/87241bb21832cda1061805492ca2a5fd9d18969ea72277bb9fde94228962/PyQt6_sip-13.5.1.tar.gz", hash = "sha256:d1e9141752966669576d04b37ba0b122abbc41cc9c35493751028d7d91c4dd49", size = 111350 }
wheels = [
    { url = "https://files.pythonhosted.org/packages/88/bc/2b301601c199f1a2bc3d6d519e57ce54066e8ccf55514eac3d0ae2abee18/PyQt6_sip-13.5.1-cp311-cp311-macosx_10_9_universal2.whl", hash = "sha256:18c0e75e6ebd91dc96dbc6290f044ec37e764890ef2182c82b99ea5b655ea466", size = 131450 },
    { url = "https://files.pythonhosted.org/packages/52/3c/04174ef9fc35882f37184b7f68d69753bc35e9417998d70943dcbb221d87/PyQt6_sip-13.5.1-cp311-cp311-manylinux_2_5_x86_64.manylinux1_x86_64.whl", hash = "sha256:c3e2f155f92f96d73c680caf3d87f4f9f9aaf6487c125ecbe7140daad7d87245", size = 324418 },
    { url = "https://files.pythonhosted.org/packages/33/df/0cda93641d98217e97924b150882d4f53e25c285852fb5c9eb19031d9f47/PyQt6_sip-13.5.1-cp311-cp311-win_amd64.whl", hash = "sha256:08b69898aab0fcc73661b212d434f9e9eb50319481bc2ac3aaf1ac06bc9feca6", size = 72693 },
]

[[package]]
name = "pyqt6-webengine"
version = "6.5.0"
source = { registry = "https://pypi.org/simple" }
dependencies = [
    { name = "pyqt6" },
    { name = "pyqt6-sip" },
    { name = "pyqt6-webengine-qt6" },
]
sdist = { url = "https://files.pythonhosted.org/packages/8d/dd/90d73f7b51f5bdc733341e317a9ac1f0d8fdf61d6c793061d429ae86e28f/PyQt6_WebEngine-6.5.0.tar.gz", hash = "sha256:8ba9db56c4c181a2a2fab1673ca35e5b63dc69113f085027ddc43c710b6d6ee9", size = 31349 }
wheels = [
    { url = "https://files.pythonhosted.org/packages/26/ac/d23f3cbfbcc19153601dafe59648df411aeb1fd884fe0adb65ea1856881f/PyQt6_WebEngine-6.5.0-cp37-abi3-macosx_10_14_universal2.whl", hash = "sha256:45849365b1ba196724dc6a520ceed3ddaca4e9c09da28eac3c448d26cefdf001", size = 366681 },
    { url = "https://files.pythonhosted.org/packages/2f/0d/37432ce6e8434ecedc272621f09d08087bb8c00d26dace52e8c90efc2c72/PyQt6_WebEngine-6.5.0-cp37-abi3-manylinux_2_28_x86_64.whl", hash = "sha256:26ff8d3362328bed09f8f1155c48122b83daf35998d6d299de1dbfcd9d4fc47c", size = 253540 },
    { url = "https://files.pythonhosted.org/packages/91/c1/367769944898b0bcce5fb3e405f1a167f7889420540d1b63a30a917f905b/PyQt6_WebEngine-6.5.0-cp37-abi3-win_amd64.whl", hash = "sha256:83a7e97a518d4001fb6c22e26a71e28d6d3b38c40ee0cbe21abfa46982b203d3", size = 200061 },
]

[[package]]
name = "pyqt6-webengine-qt6"
version = "6.5.1"
source = { registry = "https://pypi.org/simple" }
wheels = [
    { url = "https://files.pythonhosted.org/packages/a4/ea/a585ad1c5553544b6c910fa15e04427ba806a17e28c4f976891b00ec3f1d/PyQt6_WebEngine_Qt6-6.5.1-py3-none-macosx_10_14_x86_64.whl", hash = "sha256:4d6e4e5b5e4301c1ee86fb3070469f7052325c6ea2ad83987e26d4864851cd9c", size = 101285834 },
    { url = "https://files.pythonhosted.org/packages/8d/ce/0d55ebfd1f5338e4836da56992ae7ac34cb477310db134aabff710fd93cf/PyQt6_WebEngine_Qt6-6.5.1-py3-none-macosx_11_0_arm64.whl", hash = "sha256:5620e422d26d04df3fe919d069174b769f5d240df44b9a1f19edb1ef04be9f4c", size = 91991174 },
    { url = "https://files.pythonhosted.org/packages/7e/75/a1406b35448d90a1cb8d187f01c23c45ad91bcc094942caf56cf54fb3b8f/PyQt6_WebEngine_Qt6-6.5.1-py3-none-manylinux_2_28_x86_64.whl", hash = "sha256:7cf9cc03819486e997b4e5ddff645394f9a85d62efe114ee047edd3958670727", size = 93864033 },
    { url = "https://files.pythonhosted.org/packages/dd/5d/2bff6f37661eca2ed0f592ab7ce2938c20c6f9fe32330753aa0302c2f832/PyQt6_WebEngine_Qt6-6.5.1-py3-none-win_amd64.whl", hash = "sha256:1ea8bc467a3ada7fe85fcd45318ee79796caefb8f61264ae755c9e771e5a02b9", size = 86270436 },
]

[[package]]
name = "pyspellchecker"
version = "0.8.1"
source = { registry = "https://pypi.org/simple" }
sdist = { url = "https://files.pythonhosted.org/packages/5d/f4/5ed7eefd94df484406d2ff29af54daa940ea4cfc265e5add3d2150ff0640/pyspellchecker-0.8.1.tar.gz", hash = "sha256:3478ca8484d1c2db0c93d12b3c986cd17958c69f47b3ed7ef4d3f4201e591776", size = 6773020 }
wheels = [
    { url = "https://files.pythonhosted.org/packages/e1/d2/c7e3b3a61a34b9320399fa731d1f9f0c73db8a1f28c6764e9e11efa68a29/pyspellchecker-0.8.1-py3-none-any.whl", hash = "sha256:d91e9e1064793ae1ee8e71b06ca40eeb8e5923437c54291a8e041b447792b640", size = 6771060 },
]

[[package]]
name = "pytest"
version = "8.2.2"
source = { registry = "https://pypi.org/simple" }
dependencies = [
    { name = "colorama", marker = "sys_platform == 'win32'" },
    { name = "iniconfig" },
    { name = "packaging" },
    { name = "pluggy" },
]
sdist = { url = "https://files.pythonhosted.org/packages/a6/58/e993ca5357553c966b9e73cb3475d9c935fe9488746e13ebdf9b80fae508/pytest-8.2.2.tar.gz", hash = "sha256:de4bb8104e201939ccdc688b27a89a7be2079b22e2bd2b07f806b6ba71117977", size = 1427980 }
wheels = [
    { url = "https://files.pythonhosted.org/packages/4e/e7/81ebdd666d3bff6670d27349b5053605d83d55548e6bd5711f3b0ae7dd23/pytest-8.2.2-py3-none-any.whl", hash = "sha256:c434598117762e2bd304e526244f67bf66bbd7b5d6cf22138be51ff661980343", size = 339873 },
]

[[package]]
name = "pytest-cov"
version = "4.1.0"
source = { registry = "https://pypi.org/simple" }
dependencies = [
    { name = "coverage", extra = ["toml"] },
    { name = "pytest" },
]
sdist = { url = "https://files.pythonhosted.org/packages/7a/15/da3df99fd551507694a9b01f512a2f6cf1254f33601605843c3775f39460/pytest-cov-4.1.0.tar.gz", hash = "sha256:3904b13dfbfec47f003b8e77fd5b589cd11904a21ddf1ab38a64f204d6a10ef6", size = 63245 }
wheels = [
    { url = "https://files.pythonhosted.org/packages/a7/4b/8b78d126e275efa2379b1c2e09dc52cf70df16fc3b90613ef82531499d73/pytest_cov-4.1.0-py3-none-any.whl", hash = "sha256:6ba70b9e97e69fcc3fb45bfeab2d0a138fb65c4d0d6a41ef33983ad114be8c3a", size = 21949 },
]

[[package]]
name = "pytest-lazy-fixtures"
version = "1.0.7"
source = { registry = "https://pypi.org/simple" }
dependencies = [
    { name = "pytest" },
]
sdist = { url = "https://files.pythonhosted.org/packages/d1/25/b730a55e0a5e67686d79d18f3b8ef675be86dee357d23f1e3ef23479e812/pytest_lazy_fixtures-1.0.7.tar.gz", hash = "sha256:87ef7424dc0229ff9cb72d482f49b7806535c3500641f612c13ddf243c9adacb", size = 6958 }
wheels = [
    { url = "https://files.pythonhosted.org/packages/77/cc/98e6c10db35ef76afbdbf6758eb16946e49313a0edacea8269e18c1a2a14/pytest_lazy_fixtures-1.0.7-py3-none-any.whl", hash = "sha256:71428385b166cdb0fa3f2a3c72b5a5f95fa58f977816877b9b9c1e857143e194", size = 6954 },
]

[[package]]
name = "pytest-mock"
version = "3.11.1"
source = { registry = "https://pypi.org/simple" }
dependencies = [
    { name = "pytest" },
]
sdist = { url = "https://files.pythonhosted.org/packages/d8/2d/b3a811ec4fa24190a9ec5013e23c89421a7916167c6240c31fdc445f850c/pytest-mock-3.11.1.tar.gz", hash = "sha256:7f6b125602ac6d743e523ae0bfa71e1a697a2f5534064528c6ff84c2f7c2fc7f", size = 31251 }
wheels = [
    { url = "https://files.pythonhosted.org/packages/da/85/80ae98e019a429445bfb74e153d4cb47c3695e3e908515e95e95c18237e5/pytest_mock-3.11.1-py3-none-any.whl", hash = "sha256:21c279fff83d70763b05f8874cc9cfb3fcacd6d354247a976f9529d19f9acf39", size = 9590 },
]

[[package]]
name = "pytest-order"
version = "1.1.0"
source = { registry = "https://pypi.org/simple" }
dependencies = [
    { name = "pytest" },
]
sdist = { url = "https://files.pythonhosted.org/packages/53/a4/3d4eaa1eefc35407c47bf5a215604700fab3ddf3a471505132049f37c502/pytest-order-1.1.0.tar.gz", hash = "sha256:139d25b30826b78eebb42722f747eab14c44b88059d7a71d4f79d14a057269a5", size = 43385 }
wheels = [
    { url = "https://files.pythonhosted.org/packages/7e/a1/3427a19dc486763fd19d5163c63eb371bb8091cac3392727005246498374/pytest_order-1.1.0-py3-none-any.whl", hash = "sha256:3b3730969c97900fa5cd31ecff80847680ed56b2490954565c14949ba60d9371", size = 14153 },
]

[[package]]
name = "pytest-qt"
version = "4.2.0"
source = { registry = "https://pypi.org/simple" }
dependencies = [
    { name = "pytest" },
]
sdist = { url = "https://files.pythonhosted.org/packages/a9/bc/b9ace56bded8ab9d37f078253b5d38e7b06c1447d2acd9c67a5ffa166ee0/pytest-qt-4.2.0.tar.gz", hash = "sha256:00a17b586dd530b6d7a9399923a40489ca4a9a309719011175f55dc6b5dc8f41", size = 120749 }
wheels = [
    { url = "https://files.pythonhosted.org/packages/30/8f/6433b359c35f47876b29584f542b8412fbd2d256bad2dbea7b8ba2881e3a/pytest_qt-4.2.0-py2.py3-none-any.whl", hash = "sha256:a7659960a1ab2af8fc944655a157ff45d714b80ed7a6af96a4b5bb99ecf40a22", size = 35674 },
]

[[package]]
name = "pytest-xvfb"
version = "3.0.0"
source = { registry = "https://pypi.org/simple" }
dependencies = [
    { name = "pytest" },
    { name = "pyvirtualdisplay" },
]
sdist = { url = "https://files.pythonhosted.org/packages/37/3b/323923d97a3a53d8f302b8115e6c58f3606f8d2a376d36fec821351bc678/pytest-xvfb-3.0.0.tar.gz", hash = "sha256:3746ab1f4d1159f03f751638d053689ccd284291b38b8fb03d3ebbe7bf69cfc0", size = 8607 }
wheels = [
    { url = "https://files.pythonhosted.org/packages/86/95/d1f71d55425daa5f7f534b58ad15efbe1969ad67894033df58dd285eed62/pytest_xvfb-3.0.0-py3-none-any.whl", hash = "sha256:352f247c788457ccdfcfeec8a47a2a6594c8eaf22f0302dae9e2635bb23975c2", size = 5645 },
]

[[package]]
name = "pyvirtualdisplay"
version = "3.0"
source = { registry = "https://pypi.org/simple" }
sdist = { url = "https://files.pythonhosted.org/packages/86/9f/23e5a82987c26d225139948a224a93318d7a7c8b166d4dbe4de7426dc4e4/PyVirtualDisplay-3.0.tar.gz", hash = "sha256:09755bc3ceb6eb725fb07eca5425f43f2358d3bf08e00d2a9b792a1aedd16159", size = 18560 }
wheels = [
    { url = "https://files.pythonhosted.org/packages/90/eb/c3b8deb661cb3846db63288c99bbb39f217b7807fc8acb2fd058db41e2e6/PyVirtualDisplay-3.0-py3-none-any.whl", hash = "sha256:40d4b8dfe4b8de8552e28eb367647f311f88a130bf837fe910e7f180d5477f0e", size = 15258 },
]

[[package]]
name = "pywin32-ctypes"
version = "0.2.3"
source = { registry = "https://pypi.org/simple" }
sdist = { url = "https://files.pythonhosted.org/packages/85/9f/01a1a99704853cb63f253eea009390c88e7131c67e66a0a02099a8c917cb/pywin32-ctypes-0.2.3.tar.gz", hash = "sha256:d162dc04946d704503b2edc4d55f3dba5c1d539ead017afa00142c38b9885755", size = 29471 }
wheels = [
    { url = "https://files.pythonhosted.org/packages/de/3d/8161f7711c017e01ac9f008dfddd9410dff3674334c233bde66e7ba65bbf/pywin32_ctypes-0.2.3-py3-none-any.whl", hash = "sha256:8a1513379d709975552d202d942d9837758905c8d01eb82b8bcc30918929e7b8", size = 30756 },
]

[[package]]
name = "pyyaml"
version = "6.0.2"
source = { registry = "https://pypi.org/simple" }
sdist = { url = "https://files.pythonhosted.org/packages/54/ed/79a089b6be93607fa5cdaedf301d7dfb23af5f25c398d5ead2525b063e17/pyyaml-6.0.2.tar.gz", hash = "sha256:d584d9ec91ad65861cc08d42e834324ef890a082e591037abe114850ff7bbc3e", size = 130631 }
wheels = [
    { url = "https://files.pythonhosted.org/packages/f8/aa/7af4e81f7acba21a4c6be026da38fd2b872ca46226673c89a758ebdc4fd2/PyYAML-6.0.2-cp311-cp311-macosx_10_9_x86_64.whl", hash = "sha256:cc1c1159b3d456576af7a3e4d1ba7e6924cb39de8f67111c735f6fc832082774", size = 184612 },
    { url = "https://files.pythonhosted.org/packages/8b/62/b9faa998fd185f65c1371643678e4d58254add437edb764a08c5a98fb986/PyYAML-6.0.2-cp311-cp311-macosx_11_0_arm64.whl", hash = "sha256:1e2120ef853f59c7419231f3bf4e7021f1b936f6ebd222406c3b60212205d2ee", size = 172040 },
    { url = "https://files.pythonhosted.org/packages/ad/0c/c804f5f922a9a6563bab712d8dcc70251e8af811fce4524d57c2c0fd49a4/PyYAML-6.0.2-cp311-cp311-manylinux_2_17_aarch64.manylinux2014_aarch64.whl", hash = "sha256:5d225db5a45f21e78dd9358e58a98702a0302f2659a3c6cd320564b75b86f47c", size = 736829 },
    { url = "https://files.pythonhosted.org/packages/51/16/6af8d6a6b210c8e54f1406a6b9481febf9c64a3109c541567e35a49aa2e7/PyYAML-6.0.2-cp311-cp311-manylinux_2_17_s390x.manylinux2014_s390x.whl", hash = "sha256:5ac9328ec4831237bec75defaf839f7d4564be1e6b25ac710bd1a96321cc8317", size = 764167 },
    { url = "https://files.pythonhosted.org/packages/75/e4/2c27590dfc9992f73aabbeb9241ae20220bd9452df27483b6e56d3975cc5/PyYAML-6.0.2-cp311-cp311-manylinux_2_17_x86_64.manylinux2014_x86_64.whl", hash = "sha256:3ad2a3decf9aaba3d29c8f537ac4b243e36bef957511b4766cb0057d32b0be85", size = 762952 },
    { url = "https://files.pythonhosted.org/packages/9b/97/ecc1abf4a823f5ac61941a9c00fe501b02ac3ab0e373c3857f7d4b83e2b6/PyYAML-6.0.2-cp311-cp311-musllinux_1_1_aarch64.whl", hash = "sha256:ff3824dc5261f50c9b0dfb3be22b4567a6f938ccce4587b38952d85fd9e9afe4", size = 735301 },
    { url = "https://files.pythonhosted.org/packages/45/73/0f49dacd6e82c9430e46f4a027baa4ca205e8b0a9dce1397f44edc23559d/PyYAML-6.0.2-cp311-cp311-musllinux_1_1_x86_64.whl", hash = "sha256:797b4f722ffa07cc8d62053e4cff1486fa6dc094105d13fea7b1de7d8bf71c9e", size = 756638 },
    { url = "https://files.pythonhosted.org/packages/22/5f/956f0f9fc65223a58fbc14459bf34b4cc48dec52e00535c79b8db361aabd/PyYAML-6.0.2-cp311-cp311-win32.whl", hash = "sha256:11d8f3dd2b9c1207dcaf2ee0bbbfd5991f571186ec9cc78427ba5bd32afae4b5", size = 143850 },
    { url = "https://files.pythonhosted.org/packages/ed/23/8da0bbe2ab9dcdd11f4f4557ccaf95c10b9811b13ecced089d43ce59c3c8/PyYAML-6.0.2-cp311-cp311-win_amd64.whl", hash = "sha256:e10ce637b18caea04431ce14fabcf5c64a1c61ec9c56b071a4b7ca131ca52d44", size = 161980 },
]

[[package]]
name = "setuptools"
version = "80.9.0"
source = { registry = "https://pypi.org/simple" }
sdist = { url = "https://files.pythonhosted.org/packages/18/5d/3bf57dcd21979b887f014ea83c24ae194cfcd12b9e0fda66b957c69d1fca/setuptools-80.9.0.tar.gz", hash = "sha256:f36b47402ecde768dbfafc46e8e4207b4360c654f1f3bb84475f0a28628fb19c", size = 1319958 }
wheels = [
    { url = "https://files.pythonhosted.org/packages/a3/dc/17031897dae0efacfea57dfd3a82fdd2a2aeb58e0ff71b77b87e44edc772/setuptools-80.9.0-py3-none-any.whl", hash = "sha256:062d34222ad13e0cc312a4c02d73f059e86a4acbfbdea8f8f76b28c99f306922", size = 1201486 },
]

[[package]]
name = "shortuuid"
version = "1.0.9"
source = { registry = "https://pypi.org/simple" }
sdist = { url = "https://files.pythonhosted.org/packages/93/71/026c64b145a306c3b555d69f03d1e9c97d363faa64ddcf9345caf49e213f/shortuuid-1.0.9.tar.gz", hash = "sha256:459f12fa1acc34ff213b1371467c0325169645a31ed989e268872339af7563d5", size = 8212 }
wheels = [
    { url = "https://files.pythonhosted.org/packages/01/14/df1aa61e1bb75a6fff19b25d7d175b7f188dc15a70dfc80e7badd5bda1de/shortuuid-1.0.9-py3-none-any.whl", hash = "sha256:b2bb9eb7773170e253bb7ba25971023acb473517a8b76803d9618668cb1dd46f", size = 9418 },
]

[[package]]
name = "strenum"
version = "0.4.8"
source = { registry = "https://pypi.org/simple" }
sdist = { url = "https://files.pythonhosted.org/packages/7f/45/2cc1cde1cd6b47e78069d63d6c36cb4dcd283a560b1b6f03585065915964/StrEnum-0.4.8.tar.gz", hash = "sha256:08a7647f4fac2977470e5618cccd5e8b939768f02e5f5dd7864adaa329559949", size = 22780 }
wheels = [
    { url = "https://files.pythonhosted.org/packages/e7/54/d5662c661333aa3a3345203bef9d569dc526c9420f7688bd734effd2a54f/StrEnum-0.4.8-py3-none-any.whl", hash = "sha256:36de425703f97511326b358dfd25939c9dabb4bee1ca15663570ba7cb8b5fa9c", size = 7633 },
]

[[package]]
name = "tomli"
version = "2.2.1"
source = { registry = "https://pypi.org/simple" }
sdist = { url = "https://files.pythonhosted.org/packages/18/87/302344fed471e44a87289cf4967697d07e532f2421fdaf868a303cbae4ff/tomli-2.2.1.tar.gz", hash = "sha256:cd45e1dc79c835ce60f7404ec8119f2eb06d38b1deba146f07ced3bbc44505ff", size = 17175 }
wheels = [
    { url = "https://files.pythonhosted.org/packages/43/ca/75707e6efa2b37c77dadb324ae7d9571cb424e61ea73fad7c56c2d14527f/tomli-2.2.1-cp311-cp311-macosx_10_9_x86_64.whl", hash = "sha256:678e4fa69e4575eb77d103de3df8a895e1591b48e740211bd1067378c69e8249", size = 131077 },
    { url = "https://files.pythonhosted.org/packages/c7/16/51ae563a8615d472fdbffc43a3f3d46588c264ac4f024f63f01283becfbb/tomli-2.2.1-cp311-cp311-macosx_11_0_arm64.whl", hash = "sha256:023aa114dd824ade0100497eb2318602af309e5a55595f76b626d6d9f3b7b0a6", size = 123429 },
    { url = "https://files.pythonhosted.org/packages/f1/dd/4f6cd1e7b160041db83c694abc78e100473c15d54620083dbd5aae7b990e/tomli-2.2.1-cp311-cp311-manylinux_2_17_aarch64.manylinux2014_aarch64.whl", hash = "sha256:ece47d672db52ac607a3d9599a9d48dcb2f2f735c6c2d1f34130085bb12b112a", size = 226067 },
    { url = "https://files.pythonhosted.org/packages/a9/6b/c54ede5dc70d648cc6361eaf429304b02f2871a345bbdd51e993d6cdf550/tomli-2.2.1-cp311-cp311-manylinux_2_17_x86_64.manylinux2014_x86_64.whl", hash = "sha256:6972ca9c9cc9f0acaa56a8ca1ff51e7af152a9f87fb64623e31d5c83700080ee", size = 236030 },
    { url = "https://files.pythonhosted.org/packages/1f/47/999514fa49cfaf7a92c805a86c3c43f4215621855d151b61c602abb38091/tomli-2.2.1-cp311-cp311-manylinux_2_5_i686.manylinux1_i686.manylinux_2_17_i686.manylinux2014_i686.whl", hash = "sha256:c954d2250168d28797dd4e3ac5cf812a406cd5a92674ee4c8f123c889786aa8e", size = 240898 },
    { url = "https://files.pythonhosted.org/packages/73/41/0a01279a7ae09ee1573b423318e7934674ce06eb33f50936655071d81a24/tomli-2.2.1-cp311-cp311-musllinux_1_2_aarch64.whl", hash = "sha256:8dd28b3e155b80f4d54beb40a441d366adcfe740969820caf156c019fb5c7ec4", size = 229894 },
    { url = "https://files.pythonhosted.org/packages/55/18/5d8bc5b0a0362311ce4d18830a5d28943667599a60d20118074ea1b01bb7/tomli-2.2.1-cp311-cp311-musllinux_1_2_i686.whl", hash = "sha256:e59e304978767a54663af13c07b3d1af22ddee3bb2fb0618ca1593e4f593a106", size = 245319 },
    { url = "https://files.pythonhosted.org/packages/92/a3/7ade0576d17f3cdf5ff44d61390d4b3febb8a9fc2b480c75c47ea048c646/tomli-2.2.1-cp311-cp311-musllinux_1_2_x86_64.whl", hash = "sha256:33580bccab0338d00994d7f16f4c4ec25b776af3ffaac1ed74e0b3fc95e885a8", size = 238273 },
    { url = "https://files.pythonhosted.org/packages/72/6f/fa64ef058ac1446a1e51110c375339b3ec6be245af9d14c87c4a6412dd32/tomli-2.2.1-cp311-cp311-win32.whl", hash = "sha256:465af0e0875402f1d226519c9904f37254b3045fc5084697cefb9bdde1ff99ff", size = 98310 },
    { url = "https://files.pythonhosted.org/packages/6a/1c/4a2dcde4a51b81be3530565e92eda625d94dafb46dbeb15069df4caffc34/tomli-2.2.1-cp311-cp311-win_amd64.whl", hash = "sha256:2d0f2fdd22b02c6d81637a3c95f8cd77f995846af7414c5c4b8d0545afa1bc4b", size = 108309 },
    { url = "https://files.pythonhosted.org/packages/6e/c2/61d3e0f47e2b74ef40a68b9e6ad5984f6241a942f7cd3bbfbdbd03861ea9/tomli-2.2.1-py3-none-any.whl", hash = "sha256:cb55c73c5f4408779d0cf3eef9f762b9c9f147a77de7b258bef0a5628adc85cc", size = 14257 },
]

[[package]]
name = "trieregex"
version = "1.0.0"
source = { registry = "https://pypi.org/simple" }
sdist = { url = "https://files.pythonhosted.org/packages/06/48/d22ed66693fe643e7a376b2178bc91bd32771de3d6730ffe288da6b95964/trieregex-1.0.0.tar.gz", hash = "sha256:a34dd31d04aa169e1989971a315fcbd524126330c7f2f9f16991b0a8c9084eaf", size = 11276 }

[[package]]
name = "typing-extensions"
version = "4.4.0"
source = { registry = "https://pypi.org/simple" }
sdist = { url = "https://files.pythonhosted.org/packages/e3/a7/8f4e456ef0adac43f452efc2d0e4b242ab831297f1bac60ac815d37eb9cf/typing_extensions-4.4.0.tar.gz", hash = "sha256:1511434bb92bf8dd198c12b1cc812e800d4181cfcb867674e0f8279cc93087aa", size = 49708 }
wheels = [
    { url = "https://files.pythonhosted.org/packages/0b/8e/f1a0a5a76cfef77e1eb6004cb49e5f8d72634da638420b9ea492ce8305e8/typing_extensions-4.4.0-py3-none-any.whl", hash = "sha256:16fa4864408f655d35ec496218b85f79b3437c829e93320c7c9215ccfd92489e", size = 26662 },
]
